{
  "name": "team-400",
  "lockfileVersion": 2,
  "requires": true,
  "packages": {
    "node_modules/date-fns": {
      "version": "2.21.1",
      "extraneous": true,
      "license": "MIT",
      "engines": {
        "node": ">=0.11"
      },
      "funding": {
        "type": "opencollective",
        "url": "https://opencollective.com/date-fns"
      }
    },
    "node_modules/vue-date-fns": {
      "version": "2.0.1",
      "extraneous": true,
      "license": "MIT",
      "dependencies": {
        "date-fns": "^2.0.0"
      }
    }
  },
  "dependencies": {
    "date-fns": {
      "version": "2.21.1",
      "extraneous": true
    },
    "vue-date-fns": {
      "version": "2.0.1",
      "extraneous": true,
      "requires": {
        "date-fns": "^2.0.0"
      }
    }
  }
}
