{
  "name": "team-400",
  "lockfileVersion": 2,
  "requires": true,
  "packages": {
    "": {
      "dependencies": {
        "vue-date-fns": "^2.0.1"
      }
    },
    "node_modules/date-fns": {
      "version": "2.21.1",
      "resolved": "https://registry.npmjs.org/date-fns/-/date-fns-2.21.1.tgz",
      "integrity": "sha512-m1WR0xGiC6j6jNFAyW4Nvh4WxAi4JF4w9jRJwSI8nBmNcyZXPcP9VUQG+6gHQXAmqaGEKDKhOqAtENDC941UkA==",
      "engines": {
        "node": ">=0.11"
      },
      "funding": {
        "type": "opencollective",
        "url": "https://opencollective.com/date-fns"
      }
    },
    "node_modules/vue-date-fns": {
      "version": "2.0.1",
      "resolved": "https://registry.npmjs.org/vue-date-fns/-/vue-date-fns-2.0.1.tgz",
      "integrity": "sha512-j2G97bVOKO0mVfFEnzCu5dQU0dgD8jLAAVU0dGRDqxZzzNXqep7d3WEGuuJ6mNOP5PM7GE+UqpKYfkL/LNmDKQ==",
      "dependencies": {
        "date-fns": "^2.0.0"
      }
    }
  },
  "dependencies": {
    "date-fns": {
      "version": "2.21.1",
      "resolved": "https://registry.npmjs.org/date-fns/-/date-fns-2.21.1.tgz",
      "integrity": "sha512-m1WR0xGiC6j6jNFAyW4Nvh4WxAi4JF4w9jRJwSI8nBmNcyZXPcP9VUQG+6gHQXAmqaGEKDKhOqAtENDC941UkA=="
    },
    "vue-date-fns": {
      "version": "2.0.1",
      "resolved": "https://registry.npmjs.org/vue-date-fns/-/vue-date-fns-2.0.1.tgz",
      "integrity": "sha512-j2G97bVOKO0mVfFEnzCu5dQU0dgD8jLAAVU0dGRDqxZzzNXqep7d3WEGuuJ6mNOP5PM7GE+UqpKYfkL/LNmDKQ==",
      "requires": {
        "date-fns": "^2.0.0"
      }
    }
  }
}
